# THIS IS AN AUTOGENERATED FILE. DO NOT EDIT THIS FILE DIRECTLY.
# yarn lockfile v1


"@rails/actioncable@>= 6.0":
  version "7.1.1"
  resolved "https://registry.yarnpkg.com/@rails/actioncable/-/actioncable-7.1.1.tgz#e8c49769d41f35a4473133c259cc98adc04dddf8"
  integrity sha512-ZRJ9rdwFQQjRbtgJnweY0/4UQyxN6ojEGRdib0JkjnuIciv+4ok/aAeZmBJqNreTMaBqS0eHyA9hCArwN58opg==

"cable_ready@>= 4.5.0":
  version "5.0.1"
  resolved "https://registry.yarnpkg.com/cable_ready/-/cable_ready-5.0.1.tgz#1cef5991cf7a064d09971ed7d87c614dec2ee1e1"
  integrity sha512-+t9rKTgYwW5XBx113y97qC8MNEtBZZL84Isdec23HWvjMx0icOQsMzHJE75ycjevgjACTeWZqjRcCdtCHxgZ9g==
  dependencies:
    morphdom "2.6.1"

morphdom@2.6.1:
  version "2.6.1"
  resolved "https://registry.yarnpkg.com/morphdom/-/morphdom-2.6.1.tgz#e868e24f989fa3183004b159aed643e628b4306e"
  integrity sha512-Y8YRbAEP3eKykroIBWrjcfMw7mmwJfjhqdpSvoqinu8Y702nAwikpXcNFDiIkyvfCLxLM9Wu95RZqo4a9jFBaA==

stimulus_reflex@3.4.1:
  version "3.4.1"
  resolved "https://registry.yarnpkg.com/stimulus_reflex/-/stimulus_reflex-3.4.1.tgz#2606aee3b2911b5939d68f65a75262fe3c626204"
  integrity sha512-YbFcuE4HndNe9RBQvF/Vu+7GDt0zLGdhQTXuGfLDVti1qggPG3kPgV1YBZ9volzBTGUmLp2PQbxG9j5AIyYp5A==
  dependencies:
    "@rails/actioncable" ">= 6.0"
    cable_ready ">= 4.5.0"
